{
  "name": "uixsef",
  "lockfileVersion": 2,
  "requires": true,
  "packages": {
    "": {
      "dependencies": {
        "@splitbee/web": "^0.3.0"
      }
    },
    "node_modules/@splitbee/web": {
      "version": "0.3.0",
      "resolved": "https://registry.npmjs.org/@splitbee/web/-/web-0.3.0.tgz",
      "integrity": "sha512-jNPDKg0GQGa4jCaBc6JQsv0NHmBA80WCwZE49nFyhcbo32WF0GyqXeice7ZApy7OUHI16bAUAzm4MOQw3gvxfQ=="
    }
  },
  "dependencies": {
    "@splitbee/web": {
      "version": "0.3.0",
      "resolved": "https://registry.npmjs.org/@splitbee/web/-/web-0.3.0.tgz",
      "integrity": "sha512-jNPDKg0GQGa4jCaBc6JQsv0NHmBA80WCwZE49nFyhcbo32WF0GyqXeice7ZApy7OUHI16bAUAzm4MOQw3gvxfQ=="
    }
  }
}
